
Microsoft Visual Studio Solution File, Format Version 12.00
# Visual Studio 14
VisualStudioVersion = 14.0.25123.0
MinimumVisualStudioVersion = 10.0.40219.1
Project("{FAE04EC0-301F-11D3-BF4B-00C04F79EFBC}") = "FCSPlayout.Domain", "FCSPlayout.Domain\FCSPlayout.Domain.csproj", "{13E94826-DEFA-4246-AE86-0AB9C9606932}"
EndProject
Project("{FAE04EC0-301F-11D3-BF4B-00C04F79EFBC}") = "FCSPlayout.Entities", "FCSPlayout.Entities\FCSPlayout.Entities.csproj", "{7855474C-5EC6-4C71-9FBA-C8BBD44BF1C2}"
EndProject
Project("{2150E333-8FDC-42A3-9474-1A3956D46DE8}") = "Apps", "Apps", "{038CB96F-A9AD-48A8-A414-F75FA4A1817C}"
EndProject
Project("{FAE04EC0-301F-11D3-BF4B-00C04F79EFBC}") = "FCSPlayout.MediaFileImporter", "Apps\FCSPlayout.MediaFileImporter\FCSPlayout.MediaFileImporter.csproj", "{8B32BFC6-2068-468F-9155-E643437F0840}"
EndProject
Project("{FAE04EC0-301F-11D3-BF4B-00C04F79EFBC}") = "MLLicenseLib", "MLLicenseLib\MLLicenseLib.csproj", "{DFDE19C0-CDDA-4EA0-BF1F-6D64138AE12B}"
EndProject
Project("{FAE04EC0-301F-11D3-BF4B-00C04F79EFBC}") = "FCSPlayout.WPF.Core", "FCSPlayout.WPF.Core\FCSPlayout.WPF.Core.csproj", "{8DB91549-E48C-4040-BBD3-CFB6A645798A}"
EndProject
Project("{FAE04EC0-301F-11D3-BF4B-00C04F79EFBC}") = "FCSPlayout.AppInfrastructure", "FCSPlayout.AppInfrastructure\FCSPlayout.AppInfrastructure.csproj", "{9FD320FE-7B85-4CE6-B6E2-CB979E3410BE}"
EndProject
Project("{FAE04EC0-301F-11D3-BF4B-00C04F79EFBC}") = "FCSPlayout.PlaybillEditor", "Apps\FCSPlayout.PlaybillEditor\FCSPlayout.PlaybillEditor.csproj", "{BCFAC7DD-4D98-4B12-9091-024C0E6BEC3E}"
EndProject
Project("{FAE04EC0-301F-11D3-BF4B-00C04F79EFBC}") = "FCSPlayout.CG", "FCSPlayout.CG\FCSPlayout.CG.csproj", "{1CFEBC86-DB01-4AA6-AB0D-D855DA674D10}"
EndProject
Project("{FAE04EC0-301F-11D3-BF4B-00C04F79EFBC}") = "FCSPlayout.SwitcherManagement", "FCSPlayout.SwitcherManagement\FCSPlayout.SwitcherManagement.csproj", "{0568D22B-3DA7-4705-8F09-F463F3841DAE}"
EndProject
Project("{FAE04EC0-301F-11D3-BF4B-00C04F79EFBC}") = "FCSPlayout.PlayEngine2", "FCSPlayout.PlayEngine2\FCSPlayout.PlayEngine2.csproj", "{0F6D0039-608E-4584-9B05-E3A532BF7040}"
EndProject
Project("{FAE04EC0-301F-11D3-BF4B-00C04F79EFBC}") = "NetworkLib", "NetworkLib\NetworkLib.csproj", "{2CD8D329-7E29-45EC-8074-219C9B2D80D4}"
EndProject
Project("{FAE04EC0-301F-11D3-BF4B-00C04F79EFBC}") = "FCSPlayout.WPFApp", "Apps\FCSPlayout.WPFApp\FCSPlayout.WPFApp.csproj", "{32F80770-5755-4DDA-8331-9AC60D859BDA}"
EndProject
Project("{FAE04EC0-301F-11D3-BF4B-00C04F79EFBC}") = "FCSPlayout.Common", "FCSPlayout.Common\FCSPlayout.Common.csproj", "{BA13ED0C-06F9-47CD-86DF-9E725AD020CC}"
EndProject
Project("{2150E333-8FDC-42A3-9474-1A3956D46DE8}") = "New", "New", "{EC6A341D-245F-481E-9815-C9E9D96A0AF0}"
EndProject
Project("{FAE04EC0-301F-11D3-BF4B-00C04F79EFBC}") = "FCSPlayout.Domain2", "New\FCSPlayout.Domain2\FCSPlayout.Domain2.csproj", "{10B9138D-69A5-46A7-A578-CC5838BF538B}"
EndProject
Global
	GlobalSection(SolutionConfigurationPlatforms) = preSolution
		Debug|Any CPU = Debug|Any CPU
		Debug|x86 = Debug|x86
		Release|Any CPU = Release|Any CPU
		Release|x86 = Release|x86
	EndGlobalSection
	GlobalSection(ProjectConfigurationPlatforms) = postSolution
		{13E94826-DEFA-4246-AE86-0AB9C9606932}.Debug|Any CPU.ActiveCfg = Debug|Any CPU
		{13E94826-DEFA-4246-AE86-0AB9C9606932}.Debug|Any CPU.Build.0 = Debug|Any CPU
		{13E94826-DEFA-4246-AE86-0AB9C9606932}.Debug|x86.ActiveCfg = Debug|x86
		{13E94826-DEFA-4246-AE86-0AB9C9606932}.Debug|x86.Build.0 = Debug|x86
		{13E94826-DEFA-4246-AE86-0AB9C9606932}.Release|Any CPU.ActiveCfg = Release|Any CPU
		{13E94826-DEFA-4246-AE86-0AB9C9606932}.Release|Any CPU.Build.0 = Release|Any CPU
		{13E94826-DEFA-4246-AE86-0AB9C9606932}.Release|x86.ActiveCfg = Release|Any CPU
		{13E94826-DEFA-4246-AE86-0AB9C9606932}.Release|x86.Build.0 = Release|Any CPU
		{7855474C-5EC6-4C71-9FBA-C8BBD44BF1C2}.Debug|Any CPU.ActiveCfg = Debug|Any CPU
		{7855474C-5EC6-4C71-9FBA-C8BBD44BF1C2}.Debug|Any CPU.Build.0 = Debug|Any CPU
		{7855474C-5EC6-4C71-9FBA-C8BBD44BF1C2}.Debug|x86.ActiveCfg = Debug|x86
		{7855474C-5EC6-4C71-9FBA-C8BBD44BF1C2}.Debug|x86.Build.0 = Debug|x86
		{7855474C-5EC6-4C71-9FBA-C8BBD44BF1C2}.Release|Any CPU.ActiveCfg = Release|Any CPU
		{7855474C-5EC6-4C71-9FBA-C8BBD44BF1C2}.Release|Any CPU.Build.0 = Release|Any CPU
		{7855474C-5EC6-4C71-9FBA-C8BBD44BF1C2}.Release|x86.ActiveCfg = Release|Any CPU
		{7855474C-5EC6-4C71-9FBA-C8BBD44BF1C2}.Release|x86.Build.0 = Release|Any CPU
		{8B32BFC6-2068-468F-9155-E643437F0840}.Debug|Any CPU.ActiveCfg = Debug|Any CPU
		{8B32BFC6-2068-468F-9155-E643437F0840}.Debug|Any CPU.Build.0 = Debug|Any CPU
		{8B32BFC6-2068-468F-9155-E643437F0840}.Debug|x86.ActiveCfg = Debug|x86
		{8B32BFC6-2068-468F-9155-E643437F0840}.Debug|x86.Build.0 = Debug|x86
		{8B32BFC6-2068-468F-9155-E643437F0840}.Release|Any CPU.ActiveCfg = Release|Any CPU
		{8B32BFC6-2068-468F-9155-E643437F0840}.Release|Any CPU.Build.0 = Release|Any CPU
		{8B32BFC6-2068-468F-9155-E643437F0840}.Release|x86.ActiveCfg = Release|x86
		{8B32BFC6-2068-468F-9155-E643437F0840}.Release|x86.Build.0 = Release|x86
		{DFDE19C0-CDDA-4EA0-BF1F-6D64138AE12B}.Debug|Any CPU.ActiveCfg = Debug|x86
		{DFDE19C0-CDDA-4EA0-BF1F-6D64138AE12B}.Debug|x86.ActiveCfg = Debug|x86
		{DFDE19C0-CDDA-4EA0-BF1F-6D64138AE12B}.Debug|x86.Build.0 = Debug|x86
		{DFDE19C0-CDDA-4EA0-BF1F-6D64138AE12B}.Release|Any CPU.ActiveCfg = Release|x86
		{DFDE19C0-CDDA-4EA0-BF1F-6D64138AE12B}.Release|x86.ActiveCfg = Release|x86
		{DFDE19C0-CDDA-4EA0-BF1F-6D64138AE12B}.Release|x86.Build.0 = Release|x86
		{8DB91549-E48C-4040-BBD3-CFB6A645798A}.Debug|Any CPU.ActiveCfg = Debug|Any CPU
		{8DB91549-E48C-4040-BBD3-CFB6A645798A}.Debug|Any CPU.Build.0 = Debug|Any CPU
		{8DB91549-E48C-4040-BBD3-CFB6A645798A}.Debug|x86.ActiveCfg = Debug|x86
		{8DB91549-E48C-4040-BBD3-CFB6A645798A}.Debug|x86.Build.0 = Debug|x86
		{8DB91549-E48C-4040-BBD3-CFB6A645798A}.Release|Any CPU.ActiveCfg = Release|Any CPU
		{8DB91549-E48C-4040-BBD3-CFB6A645798A}.Release|Any CPU.Build.0 = Release|Any CPU
		{8DB91549-E48C-4040-BBD3-CFB6A645798A}.Release|x86.ActiveCfg = Release|x86
		{8DB91549-E48C-4040-BBD3-CFB6A645798A}.Release|x86.Build.0 = Release|x86
		{9FD320FE-7B85-4CE6-B6E2-CB979E3410BE}.Debug|Any CPU.ActiveCfg = Debug|Any CPU
		{9FD320FE-7B85-4CE6-B6E2-CB979E3410BE}.Debug|Any CPU.Build.0 = Debug|Any CPU
		{9FD320FE-7B85-4CE6-B6E2-CB979E3410BE}.Debug|x86.ActiveCfg = Debug|x86
		{9FD320FE-7B85-4CE6-B6E2-CB979E3410BE}.Debug|x86.Build.0 = Debug|x86
		{9FD320FE-7B85-4CE6-B6E2-CB979E3410BE}.Release|Any CPU.ActiveCfg = Release|Any CPU
		{9FD320FE-7B85-4CE6-B6E2-CB979E3410BE}.Release|Any CPU.Build.0 = Release|Any CPU
		{9FD320FE-7B85-4CE6-B6E2-CB979E3410BE}.Release|x86.ActiveCfg = Release|Any CPU
		{9FD320FE-7B85-4CE6-B6E2-CB979E3410BE}.Release|x86.Build.0 = Release|Any CPU
		{BCFAC7DD-4D98-4B12-9091-024C0E6BEC3E}.Debug|Any CPU.ActiveCfg = Debug|Any CPU
		{BCFAC7DD-4D98-4B12-9091-024C0E6BEC3E}.Debug|Any CPU.Build.0 = Debug|Any CPU
		{BCFAC7DD-4D98-4B12-9091-024C0E6BEC3E}.Debug|x86.ActiveCfg = Debug|x86
		{BCFAC7DD-4D98-4B12-9091-024C0E6BEC3E}.Debug|x86.Build.0 = Debug|x86
		{BCFAC7DD-4D98-4B12-9091-024C0E6BEC3E}.Release|Any CPU.ActiveCfg = Release|Any CPU
		{BCFAC7DD-4D98-4B12-9091-024C0E6BEC3E}.Release|Any CPU.Build.0 = Release|Any CPU
		{BCFAC7DD-4D98-4B12-9091-024C0E6BEC3E}.Release|x86.ActiveCfg = Release|x86
		{BCFAC7DD-4D98-4B12-9091-024C0E6BEC3E}.Release|x86.Build.0 = Release|x86
		{1CFEBC86-DB01-4AA6-AB0D-D855DA674D10}.Debug|Any CPU.ActiveCfg = Debug|Any CPU
		{1CFEBC86-DB01-4AA6-AB0D-D855DA674D10}.Debug|Any CPU.Build.0 = Debug|Any CPU
		{1CFEBC86-DB01-4AA6-AB0D-D855DA674D10}.Debug|x86.ActiveCfg = Debug|x86
		{1CFEBC86-DB01-4AA6-AB0D-D855DA674D10}.Debug|x86.Build.0 = Debug|x86
		{1CFEBC86-DB01-4AA6-AB0D-D855DA674D10}.Release|Any CPU.ActiveCfg = Release|Any CPU
		{1CFEBC86-DB01-4AA6-AB0D-D855DA674D10}.Release|Any CPU.Build.0 = Release|Any CPU
		{1CFEBC86-DB01-4AA6-AB0D-D855DA674D10}.Release|x86.ActiveCfg = Release|x86
		{1CFEBC86-DB01-4AA6-AB0D-D855DA674D10}.Release|x86.Build.0 = Release|x86
		{0568D22B-3DA7-4705-8F09-F463F3841DAE}.Debug|Any CPU.ActiveCfg = Debug|Any CPU
		{0568D22B-3DA7-4705-8F09-F463F3841DAE}.Debug|Any CPU.Build.0 = Debug|Any CPU
		{0568D22B-3DA7-4705-8F09-F463F3841DAE}.Debug|x86.ActiveCfg = Debug|x86
		{0568D22B-3DA7-4705-8F09-F463F3841DAE}.Debug|x86.Build.0 = Debug|x86
		{0568D22B-3DA7-4705-8F09-F463F3841DAE}.Release|Any CPU.ActiveCfg = Release|Any CPU
		{0568D22B-3DA7-4705-8F09-F463F3841DAE}.Release|Any CPU.Build.0 = Release|Any CPU
		{0568D22B-3DA7-4705-8F09-F463F3841DAE}.Release|x86.ActiveCfg = Release|x86
		{0568D22B-3DA7-4705-8F09-F463F3841DAE}.Release|x86.Build.0 = Release|x86
		{0F6D0039-608E-4584-9B05-E3A532BF7040}.Debug|Any CPU.ActiveCfg = Debug|Any CPU
		{0F6D0039-608E-4584-9B05-E3A532BF7040}.Debug|Any CPU.Build.0 = Debug|Any CPU
		{0F6D0039-608E-4584-9B05-E3A532BF7040}.Debug|x86.ActiveCfg = Debug|x86
		{0F6D0039-608E-4584-9B05-E3A532BF7040}.Debug|x86.Build.0 = Debug|x86
		{0F6D0039-608E-4584-9B05-E3A532BF7040}.Release|Any CPU.ActiveCfg = Release|Any CPU
		{0F6D0039-608E-4584-9B05-E3A532BF7040}.Release|Any CPU.Build.0 = Release|Any CPU
		{0F6D0039-608E-4584-9B05-E3A532BF7040}.Release|x86.ActiveCfg = Release|x86
		{0F6D0039-608E-4584-9B05-E3A532BF7040}.Release|x86.Build.0 = Release|x86
		{2CD8D329-7E29-45EC-8074-219C9B2D80D4}.Debug|Any CPU.ActiveCfg = Debug|Any CPU
		{2CD8D329-7E29-45EC-8074-219C9B2D80D4}.Debug|Any CPU.Build.0 = Debug|Any CPU
		{2CD8D329-7E29-45EC-8074-219C9B2D80D4}.Debug|x86.ActiveCfg = Debug|x86
		{2CD8D329-7E29-45EC-8074-219C9B2D80D4}.Debug|x86.Build.0 = Debug|x86
		{2CD8D329-7E29-45EC-8074-219C9B2D80D4}.Release|Any CPU.ActiveCfg = Release|Any CPU
		{2CD8D329-7E29-45EC-8074-219C9B2D80D4}.Release|Any CPU.Build.0 = Release|Any CPU
		{2CD8D329-7E29-45EC-8074-219C9B2D80D4}.Release|x86.ActiveCfg = Release|Any CPU
		{2CD8D329-7E29-45EC-8074-219C9B2D80D4}.Release|x86.Build.0 = Release|Any CPU
		{32F80770-5755-4DDA-8331-9AC60D859BDA}.Debug|Any CPU.ActiveCfg = Debug|Any CPU
		{32F80770-5755-4DDA-8331-9AC60D859BDA}.Debug|Any CPU.Build.0 = Debug|Any CPU
		{32F80770-5755-4DDA-8331-9AC60D859BDA}.Debug|x86.ActiveCfg = Debug|x86
		{32F80770-5755-4DDA-8331-9AC60D859BDA}.Debug|x86.Build.0 = Debug|x86
		{32F80770-5755-4DDA-8331-9AC60D859BDA}.Release|Any CPU.ActiveCfg = Release|Any CPU
		{32F80770-5755-4DDA-8331-9AC60D859BDA}.Release|Any CPU.Build.0 = Release|Any CPU
		{32F80770-5755-4DDA-8331-9AC60D859BDA}.Release|x86.ActiveCfg = Release|x86
		{32F80770-5755-4DDA-8331-9AC60D859BDA}.Release|x86.Build.0 = Release|x86
		{BA13ED0C-06F9-47CD-86DF-9E725AD020CC}.Debug|Any CPU.ActiveCfg = Debug|Any CPU
		{BA13ED0C-06F9-47CD-86DF-9E725AD020CC}.Debug|Any CPU.Build.0 = Debug|Any CPU
		{BA13ED0C-06F9-47CD-86DF-9E725AD020CC}.Debug|x86.ActiveCfg = Debug|Any CPU
		{BA13ED0C-06F9-47CD-86DF-9E725AD020CC}.Debug|x86.Build.0 = Debug|Any CPU
		{BA13ED0C-06F9-47CD-86DF-9E725AD020CC}.Release|Any CPU.ActiveCfg = Release|Any CPU
		{BA13ED0C-06F9-47CD-86DF-9E725AD020CC}.Release|Any CPU.Build.0 = Release|Any CPU
		{BA13ED0C-06F9-47CD-86DF-9E725AD020CC}.Release|x86.ActiveCfg = Release|Any CPU
		{BA13ED0C-06F9-47CD-86DF-9E725AD020CC}.Release|x86.Build.0 = Release|Any CPU
		{10B9138D-69A5-46A7-A578-CC5838BF538B}.Debug|Any CPU.ActiveCfg = Debug|Any CPU
		{10B9138D-69A5-46A7-A578-CC5838BF538B}.Debug|Any CPU.Build.0 = Debug|Any CPU
		{10B9138D-69A5-46A7-A578-CC5838BF538B}.Debug|x86.ActiveCfg = Debug|Any CPU
		{10B9138D-69A5-46A7-A578-CC5838BF538B}.Debug|x86.Build.0 = Debug|Any CPU
		{10B9138D-69A5-46A7-A578-CC5838BF538B}.Release|Any CPU.ActiveCfg = Release|Any CPU
		{10B9138D-69A5-46A7-A578-CC5838BF538B}.Release|Any CPU.Build.0 = Release|Any CPU
		{10B9138D-69A5-46A7-A578-CC5838BF538B}.Release|x86.ActiveCfg = Release|Any CPU
		{10B9138D-69A5-46A7-A578-CC5838BF538B}.Release|x86.Build.0 = Release|Any CPU
	EndGlobalSection
	GlobalSection(SolutionProperties) = preSolution
		HideSolutionNode = FALSE
	EndGlobalSection
	GlobalSection(NestedProjects) = preSolution
		{8B32BFC6-2068-468F-9155-E643437F0840} = {038CB96F-A9AD-48A8-A414-F75FA4A1817C}
		{BCFAC7DD-4D98-4B12-9091-024C0E6BEC3E} = {038CB96F-A9AD-48A8-A414-F75FA4A1817C}
		{32F80770-5755-4DDA-8331-9AC60D859BDA} = {038CB96F-A9AD-48A8-A414-F75FA4A1817C}
		{10B9138D-69A5-46A7-A578-CC5838BF538B} = {EC6A341D-245F-481E-9815-C9E9D96A0AF0}
	EndGlobalSection
EndGlobal
